// !$*UTF8*$!
{
	archiveVersion = 1;
	classes = {
	};
	objectVersion = 50;
	objects = {

/* Begin PBXBuildFile section */
		3A6837D021B91747003AA5C2 /* AppDelegate.swift in Sources */ = {isa = PBXBuildFile; fileRef = 3A6837CF21B91747003AA5C2 /* AppDelegate.swift */; };
		3A6837D221B91747003AA5C2 /* ViewController.swift in Sources */ = {isa = PBXBuildFile; fileRef = 3A6837D121B91747003AA5C2 /* ViewController.swift */; };
		3A6837D521B91747003AA5C2 /* Main.storyboard in Resources */ = {isa = PBXBuildFile; fileRef = 3A6837D321B91747003AA5C2 /* Main.storyboard */; };
		3A6837D821B91747003AA5C2 /* CoreDataDemoApp.xcdatamodeld in Sources */ = {isa = PBXBuildFile; fileRef = 3A6837D621B91747003AA5C2 /* CoreDataDemoApp.xcdatamodeld */; };
		3A6837DA21B91748003AA5C2 /* Assets.xcassets in Resources */ = {isa = PBXBuildFile; fileRef = 3A6837D921B91748003AA5C2 /* Assets.xcassets */; };
		3A6837DD21B91748003AA5C2 /* LaunchScreen.storyboard in Resources */ = {isa = PBXBuildFile; fileRef = 3A6837DB21B91748003AA5C2 /* LaunchScreen.storyboard */; };
		3A6837E821B91748003AA5C2 /* CoreDataDemoAppTests.swift in Sources */ = {isa = PBXBuildFile; fileRef = 3A6837E721B91748003AA5C2 /* CoreDataDemoAppTests.swift */; };
/* End PBXBuildFile section */

/* Begin PBXContainerItemProxy section */
		3A6837E421B91748003AA5C2 /* PBXContainerItemProxy */ = {
			isa = PBXContainerItemProxy;
			containerPortal = 3A6837C421B91747003AA5C2 /* Project object */;
			proxyType = 1;
			remoteGlobalIDString = 3A6837CB21B91747003AA5C2;
			remoteInfo = CoreDataDemoApp;
		};
/* End PBXContainerItemProxy section */

/* Begin PBXFileReference section */
		3A6837CC21B91747003AA5C2 /* CoreDataDemoApp.app */ = {isa = PBXFileReference; explicitFileType = wrapper.application; includeInIndex = 0; path = CoreDataDemoApp.app; sourceTree = BUILT_PRODUCTS_DIR; };
		3A6837CF21B91747003AA5C2 /* AppDelegate.swift */ = {isa = PBXFileReference; lastKnownFileType = sourcecode.swift; path = AppDelegate.swift; sourceTree = "<group>"; };
		3A6837D121B91747003AA5C2 /* ViewController.swift */ = {isa = PBXFileReference; lastKnownFileType = sourcecode.swift; path = ViewController.swift; sourceTree = "<group>"; };
		3A6837D421B91747003AA5C2 /* Base */ = {isa = PBXFileReference; lastKnownFileType = file.storyboard; name = Base; path = Base.lproj/Main.storyboard; sourceTree = "<group>"; };
		3A6837D721B91747003AA5C2 /* CoreDataDemoApp.xcdatamodel */ = {isa = PBXFileReference; lastKnownFileType = wrapper.xcdatamodel; path = CoreDataDemoApp.xcdatamodel; sourceTree = "<group>"; };
		3A6837D921B91748003AA5C2 /* Assets.xcassets */ = {isa = PBXFileReference; lastKnownFileType = folder.assetcatalog; path = Assets.xcassets; sourceTree = "<group>"; };
		3A6837DC21B91748003AA5C2 /* Base */ = {isa = PBXFileReference; lastKnownFileType = file.storyboard; name = Base; path = Base.lproj/LaunchScreen.storyboard; sourceTree = "<group>"; };
		3A6837DE21B91748003AA5C2 /* Info.plist */ = {isa = PBXFileReference; lastKnownFileType = text.plist.xml; path = Info.plist; sourceTree = "<group>"; };
		3A6837E321B91748003AA5C2 /* CoreDataDemoAppTests.xctest */ = {isa = PBXFileReference; explicitFileType = wrapper.cfbundle; includeInIndex = 0; path = CoreDataDemoAppTests.xctest; sourceTree = BUILT_PRODUCTS_DIR; };
		3A6837E721B91748003AA5C2 /* CoreDataDemoAppTests.swift */ = {isa = PBXFileReference; lastKnownFileType = sourcecode.swift; path = CoreDataDemoAppTests.swift; sourceTree = "<group>"; };
		3A6837E921B91748003AA5C2 /* Info.plist */ = {isa = PBXFileReference; lastKnownFileType = text.plist.xml; path = Info.plist; sourceTree = "<group>"; };
/* End PBXFileReference section */

/* Begin PBXFrameworksBuildPhase section */
		3A6837C921B91747003AA5C2 /* Frameworks */ = {
			isa = PBXFrameworksBuildPhase;
			buildActionMask = 2147483647;
			files = (
			);
			runOnlyForDeploymentPostprocessing = 0;
		};
		3A6837E021B91748003AA5C2 /* Frameworks */ = {
			isa = PBXFrameworksBuildPhase;
			buildActionMask = 2147483647;
			files = (
			);
			runOnlyForDeploymentPostprocessing = 0;
		};
/* End PBXFrameworksBuildPhase section */

/* Begin PBXGroup section */
		3A6837C321B91747003AA5C2 = {
			isa = PBXGroup;
			children = (
				3A6837CE21B91747003AA5C2 /* CoreDataDemoApp */,
				3A6837E621B91748003AA5C2 /* CoreDataDemoAppTests */,
				3A6837CD21B91747003AA5C2 /* Products */,
			);
			sourceTree = "<group>";
		};
		3A6837CD21B91747003AA5C2 /* Products */ = {
			isa = PBXGroup;
			children = (
				3A6837CC21B91747003AA5C2 /* CoreDataDemoApp.app */,
				3A6837E321B91748003AA5C2 /* CoreDataDemoAppTests.xctest */,
			);
			name = Products;
			sourceTree = "<group>";
		};
		3A6837CE21B91747003AA5C2 /* CoreDataDemoApp */ = {
			isa = PBXGroup;
			children = (
				3A6837CF21B91747003AA5C2 /* AppDelegate.swift */,
				3A6837D121B91747003AA5C2 /* ViewController.swift */,
				3A6837D321B91747003AA5C2 /* Main.storyboard */,
				3A6837D921B91748003AA5C2 /* Assets.xcassets */,
				3A6837DB21B91748003AA5C2 /* LaunchScreen.storyboard */,
				3A6837DE21B91748003AA5C2 /* Info.plist */,
				3A6837D621B91747003AA5C2 /* CoreDataDemoApp.xcdatamodeld */,
			);
			path = CoreDataDemoApp;
			sourceTree = "<group>";
		};
		3A6837E621B91748003AA5C2 /* CoreDataDemoAppTests */ = {
			isa = PBXGroup;
			children = (
				3A6837E721B91748003AA5C2 /* CoreDataDemoAppTests.swift */,
				3A6837E921B91748003AA5C2 /* Info.plist */,
			);
			path = CoreDataDemoAppTests;
			sourceTree = "<group>";
		};
/* End PBXGroup section */

/* Begin PBXNativeTarget section */
		3A6837CB21B91747003AA5C2 /* CoreDataDemoApp */ = {
			isa = PBXNativeTarget;
			buildConfigurationList = 3A6837EC21B91749003AA5C2 /* Build configuration list for PBXNativeTarget "CoreDataDemoApp" */;
			buildPhases = (
				3A6837C821B91747003AA5C2 /* Sources */,
				3A6837C921B91747003AA5C2 /* Frameworks */,
				3A6837CA21B91747003AA5C2 /* Resources */,
			);
			buildRules = (
			);
			dependencies = (
			);
			name = CoreDataDemoApp;
			productName = CoreDataDemoApp;
			productReference = 3A6837CC21B91747003AA5C2 /* CoreDataDemoApp.app */;
			productType = "com.apple.product-type.application";
		};
		3A6837E221B91748003AA5C2 /* CoreDataDemoAppTests */ = {
			isa = PBXNativeTarget;
			buildConfigurationList = 3A6837EF21B91749003AA5C2 /* Build configuration list for PBXNativeTarget "CoreDataDemoAppTests" */;
			buildPhases = (
				3A6837DF21B91748003AA5C2 /* Sources */,
				3A6837E021B91748003AA5C2 /* Frameworks */,
				3A6837E121B91748003AA5C2 /* Resources */,
			);
			buildRules = (
			);
			dependencies = (
				3A6837E521B91748003AA5C2 /* PBXTargetDependency */,
			);
			name = CoreDataDemoAppTests;
			productName = CoreDataDemoAppTests;
			productReference = 3A6837E321B91748003AA5C2 /* CoreDataDemoAppTests.xctest */;
			productType = "com.apple.product-type.bundle.unit-test";
		};
/* End PBXNativeTarget section */

/* Begin PBXProject section */
		3A6837C421B91747003AA5C2 /* Project object */ = {
			isa = PBXProject;
			attributes = {
				LastSwiftUpdateCheck = 1010;
				LastUpgradeCheck = 1010;
				ORGANIZATIONNAME = "Subrat Gyawali";
				TargetAttributes = {
					3A6837CB21B91747003AA5C2 = {
						CreatedOnToolsVersion = 10.1;
					};
					3A6837E221B91748003AA5C2 = {
						CreatedOnToolsVersion = 10.1;
						TestTargetID = 3A6837CB21B91747003AA5C2;
					};
				};
			};
			buildConfigurationList = 3A6837C721B91747003AA5C2 /* Build configuration list for PBXProject "CoreDataDemoApp" */;
			compatibilityVersion = "Xcode 9.3";
			developmentRegion = en;
			hasScannedForEncodings = 0;
			knownRegions = (
				en,
				Base,
			);
			mainGroup = 3A6837C321B91747003AA5C2;
			productRefGroup = 3A6837CD21B91747003AA5C2 /* Products */;
			projectDirPath = "";
			projectRoot = "";
			targets = (
				3A6837CB21B91747003AA5C2 /* CoreDataDemoApp */,
				3A6837E221B91748003AA5C2 /* CoreDataDemoAppTests */,
			);
		};
/* End PBXProject section */

/* Begin PBXResourcesBuildPhase section */
		3A6837CA21B91747003AA5C2 /* Resources */ = {
			isa = PBXResourcesBuildPhase;
			buildActionMask = 2147483647;
			files = (
				3A6837DD21B91748003AA5C2 /* LaunchScreen.storyboard in Resources */,
				3A6837DA21B91748003AA5C2 /* Assets.xcassets in Resources */,
				3A6837D521B91747003AA5C2 /* Main.storyboard in Resources */,
			);
			runOnlyForDeploymentPostprocessing = 0;
		};
		3A6837E121B91748003AA5C2 /* Resources */ = {
			isa = PBXResourcesBuildPhase;
			buildActionMask = 2147483647;
			files = (
			);
			runOnlyForDeploymentPostprocessing = 0;
		};
/* End PBXResourcesBuildPhase section */

/* Begin PBXSourcesBuildPhase section */
		3A6837C821B91747003AA5C2 /* Sources */ = {
			isa = PBXSourcesBuildPhase;
			buildActionMask = 2147483647;
			files = (
				3A6837D221B91747003AA5C2 /* ViewController.swift in Sources */,
				3A6837D021B91747003AA5C2 /* AppDelegate.swift in Sources */,
				3A6837D821B91747003AA5C2 /* CoreDataDemoApp.xcdatamodeld in Sources */,
			);
			runOnlyForDeploymentPostprocessing = 0;
		};
		3A6837DF21B91748003AA5C2 /* Sources */ = {
			isa = PBXSourcesBuildPhase;
			buildActionMask = 2147483647;
			files = (
				3A6837E821B91748003AA5C2 /* CoreDataDemoAppTests.swift in Sources */,
			);
			runOnlyForDeploymentPostprocessing = 0;
		};
/* End PBXSourcesBuildPhase section */

/* Begin PBXTargetDependency section */
		3A6837E521B91748003AA5C2 /* PBXTargetDependency */ = {
			isa = PBXTargetDependency;
			target = 3A6837CB21B91747003AA5C2 /* CoreDataDemoApp */;
			targetProxy = 3A6837E421B91748003AA5C2 /* PBXContainerItemProxy */;
		};
/* End PBXTargetDependency section */

/* Begin PBXVariantGroup section */
		3A6837D321B91747003AA5C2 /* Main.storyboard */ = {
			isa = PBXVariantGroup;
			children = (
				3A6837D421B91747003AA5C2 /* Base */,
			);
			name = Main.storyboard;
			sourceTree = "<group>";
		};
		3A6837DB21B91748003AA5C2 /* LaunchScreen.storyboard */ = {
			isa = PBXVariantGroup;
			children = (
				3A6837DC21B91748003AA5C2 /* Base */,
			);
			name = LaunchScreen.storyboard;
			sourceTree = "<group>";
		};
/* End PBXVariantGroup section */

/* Begin XCBuildConfiguration section */
		3A6837EA21B91749003AA5C2 /* Debug */ = {
			isa = XCBuildConfiguration;
			buildSettings = {
				ALWAYS_SEARCH_USER_PATHS = NO;
				CLANG_ANALYZER_NONNULL = YES;
				CLANG_ANALYZER_NUMBER_OBJECT_CONVERSION = YES_AGGRESSIVE;
				CLANG_CXX_LANGUAGE_STANDARD = "gnu++14";
				CLANG_CXX_LIBRARY = "libc++";
				CLANG_ENABLE_MODULES = YES;
				CLANG_ENABLE_OBJC_ARC = YES;
				CLANG_ENABLE_OBJC_WEAK = YES;
				CLANG_WARN_BLOCK_CAPTURE_AUTORELEASING = YES;
				CLANG_WARN_BOOL_CONVERSION = YES;
				CLANG_WARN_COMMA = YES;
				CLANG_WARN_CONSTANT_CONVERSION = YES;
				CLANG_WARN_DEPRECATED_OBJC_IMPLEMENTATIONS = YES;
				CLANG_WARN_DIRECT_OBJC_ISA_USAGE = YES_ERROR;
				CLANG_WARN_DOCUMENTATION_COMMENTS = YES;
				CLANG_WARN_EMPTY_BODY = YES;
				CLANG_WARN_ENUM_CONVERSION = YES;
				CLANG_WARN_INFINITE_RECURSION = YES;
				CLANG_WARN_INT_CONVERSION = YES;
				CLANG_WARN_NON_LITERAL_NULL_CONVERSION = YES;
				CLANG_WARN_OBJC_IMPLICIT_RETAIN_SELF = YES;
				CLANG_WARN_OBJC_LITERAL_CONVERSION = YES;
				CLANG_WARN_OBJC_ROOT_CLASS = YES_ERROR;
				CLANG_WARN_RANGE_LOOP_ANALYSIS = YES;
				CLANG_WARN_STRICT_PROTOTYPES = YES;
				CLANG_WARN_SUSPICIOUS_MOVE = YES;
				CLANG_WARN_UNGUARDED_AVAILABILITY = YES_AGGRESSIVE;
				CLANG_WARN_UNREACHABLE_CODE = YES;
				CLANG_WARN__DUPLICATE_METHOD_MATCH = YES;
				CODE_SIGN_IDENTITY = "iPhone Developer";
				COPY_PHASE_STRIP = NO;
				DEBUG_INFORMATION_FORMAT = dwarf;
				ENABLE_STRICT_OBJC_MSGSEND = YES;
				ENABLE_TESTABILITY = YES;
				GCC_C_LANGUAGE_STANDARD = gnu11;
				GCC_DYNAMIC_NO_PIC = NO;
				GCC_NO_COMMON_BLOCKS = YES;
				GCC_OPTIMIZATION_LEVEL = 0;
				GCC_PREPROCESSOR_DEFINITIONS = (
					"DEBUG=1",
					"$(inherited)",
				);
				GCC_WARN_64_TO_32_BIT_CONVERSION = YES;
				GCC_WARN_ABOUT_RETURN_TYPE = YES_ERROR;
				GCC_WARN_UNDECLARED_SELECTOR = YES;
				GCC_WARN_UNINITIALIZED_AUTOS = YES_AGGRESSIVE;
				GCC_WARN_UNUSED_FUNCTION = YES;
				GCC_WARN_UNUSED_VARIABLE = YES;
				IPHONEOS_DEPLOYMENT_TARGET = 12.1;
				MTL_ENABLE_DEBUG_INFO = INCLUDE_SOURCE;
				MTL_FAST_MATH = YES;
				ONLY_ACTIVE_ARCH = YES;
				SDKROOT = iphoneos;
				SWIFT_ACTIVE_COMPILATION_CONDITIONS = DEBUG;
				SWIFT_OPTIMIZATION_LEVEL = "-Onone";
			};
			name = Debug;
		};
		3A6837EB21B91749003AA5C2 /* Release */ = {
			isa = XCBuildConfiguration;
			buildSettings = {
				ALWAYS_SEARCH_USER_PATHS = NO;
				CLANG_ANALYZER_NONNULL = YES;
				CLANG_ANALYZER_NUMBER_OBJECT_CONVERSION = YES_AGGRESSIVE;
				CLANG_CXX_LANGUAGE_STANDARD = "gnu++14";
				CLANG_CXX_LIBRARY = "libc++";
				CLANG_ENABLE_MODULES = YES;
				CLANG_ENABLE_OBJC_ARC = YES;
				CLANG_ENABLE_OBJC_WEAK = YES;
				CLANG_WARN_BLOCK_CAPTURE_AUTORELEASING = YES;
				CLANG_WARN_BOOL_CONVERSION = YES;
				CLANG_WARN_COMMA = YES;
				CLANG_WARN_CONSTANT_CONVERSION = YES;
				CLANG_WARN_DEPRECATED_OBJC_IMPLEMENTATIONS = YES;
				CLANG_WARN_DIRECT_OBJC_ISA_USAGE = YES_ERROR;
				CLANG_WARN_DOCUMENTATION_COMMENTS = YES;
				CLANG_WARN_EMPTY_BODY = YES;
				CLANG_WARN_ENUM_CONVERSION = YES;
				CLANG_WARN_INFINITE_RECURSION = YES;
				CLANG_WARN_INT_CONVERSION = YES;
				CLANG_WARN_NON_LITERAL_NULL_CONVERSION = YES;
				CLANG_WARN_OBJC_IMPLICIT_RETAIN_SELF = YES;
				CLANG_WARN_OBJC_LITERAL_CONVERSION = YES;
				CLANG_WARN_OBJC_ROOT_CLASS = YES_ERROR;
				CLANG_WARN_RANGE_LOOP_ANALYSIS = YES;
				CLANG_WARN_STRICT_PROTOTYPES = YES;
				CLANG_WARN_SUSPICIOUS_MOVE = YES;
				CLANG_WARN_UNGUARDED_AVAILABILITY = YES_AGGRESSIVE;
				CLANG_WARN_UNREACHABLE_CODE = YES;
				CLANG_WARN__DUPLICATE_METHOD_MATCH = YES;
				CODE_SIGN_IDENTITY = "iPhone Developer";
				COPY_PHASE_STRIP = NO;
				DEBUG_INFORMATION_FORMAT = "dwarf-with-dsym";
				ENABLE_NS_ASSERTIONS = NO;
				ENABLE_STRICT_OBJC_MSGSEND = YES;
				GCC_C_LANGUAGE_STANDARD = gnu11;
				GCC_NO_COMMON_BLOCKS = YES;
				GCC_WARN_64_TO_32_BIT_CONVERSION = YES;
				GCC_WARN_ABOUT_RETURN_TYPE = YES_ERROR;
				GCC_WARN_UNDECLARED_SELECTOR = YES;
				GCC_WARN_UNINITIALIZED_AUTOS = YES_AGGRESSIVE;
				GCC_WARN_UNUSED_FUNCTION = YES;
				GCC_WARN_UNUSED_VARIABLE = YES;
				IPHONEOS_DEPLOYMENT_TARGET = 12.1;
				MTL_ENABLE_DEBUG_INFO = NO;
				MTL_FAST_MATH = YES;
				SDKROOT = iphoneos;
				SWIFT_COMPILATION_MODE = wholemodule;
				SWIFT_OPTIMIZATION_LEVEL = "-O";
				VALIDATE_PRODUCT = YES;
			};
			name = Release;
		};
		3A6837ED21B91749003AA5C2 /* Debug */ = {
			isa = XCBuildConfiguration;
			buildSettings = {
				ASSETCATALOG_COMPILER_APPICON_NAME = AppIcon;
				CODE_SIGN_STYLE = Automatic;
				DEVELOPMENT_TEAM = FFPU352AJ9;
				INFOPLIST_FILE = CoreDataDemoApp/Info.plist;
				LD_RUNPATH_SEARCH_PATHS = (
					"$(inherited)",
					"@executable_path/Frameworks",
				);
				PRODUCT_BUNDLE_IDENTIFIER = np.com.subrat.CoreDataDemoApp;
				PRODUCT_NAME = "$(TARGET_NAME)";
				SWIFT_VERSION = 4.2;
				TARGETED_DEVICE_FAMILY = "1,2";
			};
			name = Debug;
		};
		3A6837EE21B91749003AA5C2 /* Release */ = {
			isa = XCBuildConfiguration;
			buildSettings = {
				ASSETCATALOG_COMPILER_APPICON_NAME = AppIcon;
				CODE_SIGN_STYLE = Automatic;
				DEVELOPMENT_TEAM = FFPU352AJ9;
				INFOPLIST_FILE = CoreDataDemoApp/Info.plist;
				LD_RUNPATH_SEARCH_PATHS = (
					"$(inherited)",
					"@executable_path/Frameworks",
				);
				PRODUCT_BUNDLE_IDENTIFIER = np.com.subrat.CoreDataDemoApp;
				PRODUCT_NAME = "$(TARGET_NAME)";
				SWIFT_VERSION = 4.2;
				TARGETED_DEVICE_FAMILY = "1,2";
			};
			name = Release;
		};
		3A6837F021B91749003AA5C2 /* Debug */ = {
			isa = XCBuildConfiguration;
			buildSettings = {
				ALWAYS_EMBED_SWIFT_STANDARD_LIBRARIES = YES;
				BUNDLE_LOADER = "$(TEST_HOST)";
				CODE_SIGN_STYLE = Automatic;
				DEVELOPMENT_TEAM = FFPU352AJ9;
				INFOPLIST_FILE = CoreDataDemoAppTests/Info.plist;
				LD_RUNPATH_SEARCH_PATHS = (
					"$(inherited)",
					"@executable_path/Frameworks",
					"@loader_path/Frameworks",
				);
				PRODUCT_BUNDLE_IDENTIFIER = np.com.subrat.CoreDataDemoAppTests;
				PRODUCT_NAME = "$(TARGET_NAME)";
				SWIFT_VERSION = 4.2;
				TARGETED_DEVICE_FAMILY = "1,2";
				TEST_HOST = "$(BUILT_PRODUCTS_DIR)/CoreDataDemoApp.app/CoreDataDemoApp";
			};
			name = Debug;
		};
		3A6837F121B91749003AA5C2 /* Release */ = {
			isa = XCBuildConfiguration;
			buildSettings = {
				ALWAYS_EMBED_SWIFT_STANDARD_LIBRARIES = YES;
				BUNDLE_LOADER = "$(TEST_HOST)";
				CODE_SIGN_STYLE = Automatic;
				DEVELOPMENT_TEAM = FFPU352AJ9;
				INFOPLIST_FILE = CoreDataDemoAppTests/Info.plist;
				LD_RUNPATH_SEARCH_PATHS = (
					"$(inherited)",
					"@executable_path/Frameworks",
					"@loader_path/Frameworks",
				);
				PRODUCT_BUNDLE_IDENTIFIER = np.com.subrat.CoreDataDemoAppTests;
				PRODUCT_NAME = "$(TARGET_NAME)";
				SWIFT_VERSION = 4.2;
				TARGETED_DEVICE_FAMILY = "1,2";
				TEST_HOST = "$(BUILT_PRODUCTS_DIR)/CoreDataDemoApp.app/CoreDataDemoApp";
			};
			name = Release;
		};
/* End XCBuildConfiguration section */

/* Begin XCConfigurationList section */
		3A6837C721B91747003AA5C2 /* Build configuration list for PBXProject "CoreDataDemoApp" */ = {
			isa = XCConfigurationList;
			buildConfigurations = (
				3A6837EA21B91749003AA5C2 /* Debug */,
				3A6837EB21B91749003AA5C2 /* Release */,
			);
			defaultConfigurationIsVisible = 0;
			defaultConfigurationName = Release;
		};
		3A6837EC21B91749003AA5C2 /* Build configuration list for PBXNativeTarget "CoreDataDemoApp" */ = {
			isa = XCConfigurationList;
			buildConfigurations = (
				3A6837ED21B91749003AA5C2 /* Debug */,
				3A6837EE21B91749003AA5C2 /* Release */,
			);
			defaultConfigurationIsVisible = 0;
			defaultConfigurationName = Release;
		};
		3A6837EF21B91749003AA5C2 /* Build configuration list for PBXNativeTarget "CoreDataDemoAppTests" */ = {
			isa = XCConfigurationList;
			buildConfigurations = (
				3A6837F021B91749003AA5C2 /* Debug */,
				3A6837F121B91749003AA5C2 /* Release */,
			);
			defaultConfigurationIsVisible = 0;
			defaultConfigurationName = Release;
		};
/* End XCConfigurationList section */

/* Begin XCVersionGroup section */
		3A6837D621B91747003AA5C2 /* CoreDataDemoApp.xcdatamodeld */ = {
			isa = XCVersionGroup;
			children = (
				3A6837D721B91747003AA5C2 /* CoreDataDemoApp.xcdatamodel */,
			);
			currentVersion = 3A6837D721B91747003AA5C2 /* CoreDataDemoApp.xcdatamodel */;
			path = CoreDataDemoApp.xcdatamodeld;
			sourceTree = "<group>";
			versionGroupType = wrapper.xcdatamodel;
		};
/* End XCVersionGroup section */
	};
	rootObject = 3A6837C421B91747003AA5C2 /* Project object */;
}
